
Microsoft Visual Studio Solution File, Format Version 12.00
Project("{FAE04EC0-301F-11D3-BF4B-00C04F79EFBC}") = "IS.Lab7", "IS.Lab7\IS.Lab7.csproj", "{0A26FC7A-0FDF-4347-8191-7EA131C3D7FF}"
EndProject
Global
	GlobalSection(SolutionConfigurationPlatforms) = preSolution
		Debug|Any CPU = Debug|Any CPU
		Release|Any CPU = Release|Any CPU
	EndGlobalSection
	GlobalSection(ProjectConfigurationPlatforms) = postSolution
		{0A26FC7A-0FDF-4347-8191-7EA131C3D7FF}.Debug|Any CPU.ActiveCfg = Debug|Any CPU
		{0A26FC7A-0FDF-4347-8191-7EA131C3D7FF}.Debug|Any CPU.Build.0 = Debug|Any CPU
		{0A26FC7A-0FDF-4347-8191-7EA131C3D7FF}.Release|Any CPU.ActiveCfg = Release|Any CPU
		{0A26FC7A-0FDF-4347-8191-7EA131C3D7FF}.Release|Any CPU.Build.0 = Release|Any CPU
	EndGlobalSection
EndGlobal
